
Microsoft Visual Studio Solution File, Format Version 12.00
# Visual Studio Version 16
VisualStudioVersion = 16.0.29409.12
MinimumVisualStudioVersion = 10.0.40219.1
Project("{FAE04EC0-301F-11D3-BF4B-00C04F79EFBC}") = "Lab 12 - ClassUML", "Lab 12 - ClassUML\Lab 12 - ClassUML.csproj", "{40036465-1293-4EA9-88BB-B6E3B7BD157D}"
EndProject
Global
	GlobalSection(SolutionConfigurationPlatforms) = preSolution
		Debug|Any CPU = Debug|Any CPU
		Release|Any CPU = Release|Any CPU
	EndGlobalSection
	GlobalSection(ProjectConfigurationPlatforms) = postSolution
		{40036465-1293-4EA9-88BB-B6E3B7BD157D}.Debug|Any CPU.ActiveCfg = Debug|Any CPU
		{40036465-1293-4EA9-88BB-B6E3B7BD157D}.Debug|Any CPU.Build.0 = Debug|Any CPU
		{40036465-1293-4EA9-88BB-B6E3B7BD157D}.Release|Any CPU.ActiveCfg = Release|Any CPU
		{40036465-1293-4EA9-88BB-B6E3B7BD157D}.Release|Any CPU.Build.0 = Release|Any CPU
	EndGlobalSection
	GlobalSection(SolutionProperties) = preSolution
		HideSolutionNode = FALSE
	EndGlobalSection
	GlobalSection(ExtensibilityGlobals) = postSolution
		SolutionGuid = {C07500B5-BD83-45A5-9370-F9C36D14B79E}
	EndGlobalSection
EndGlobal
